
Microsoft Visual Studio Solution File, Format Version 12.00
# Visual Studio Version 17
VisualStudioVersion = 17.14.36221.1 d17.14
MinimumVisualStudioVersion = 10.0.40219.1
Project("{FAE04EC0-301F-11D3-BF4B-00C04F79EFBC}") = "GreenFlix.Web", "GreenFlix\GreenFlix.Web.csproj", "{C1F9192D-08CA-4CE4-ACFF-FBBAC8D75EE7}"
EndProject
Global
	GlobalSection(SolutionConfigurationPlatforms) = preSolution
		Debug|Any CPU = Debug|Any CPU
		Release|Any CPU = Release|Any CPU
	EndGlobalSection
	GlobalSection(ProjectConfigurationPlatforms) = postSolution
		{C1F9192D-08CA-4CE4-ACFF-FBBAC8D75EE7}.Debug|Any CPU.ActiveCfg = Debug|Any CPU
		{C1F9192D-08CA-4CE4-ACFF-FBBAC8D75EE7}.Debug|Any CPU.Build.0 = Debug|Any CPU
		{C1F9192D-08CA-4CE4-ACFF-FBBAC8D75EE7}.Release|Any CPU.ActiveCfg = Release|Any CPU
		{C1F9192D-08CA-4CE4-ACFF-FBBAC8D75EE7}.Release|Any CPU.Build.0 = Release|Any CPU
	EndGlobalSection
	GlobalSection(SolutionProperties) = preSolution
		HideSolutionNode = FALSE
	EndGlobalSection
	GlobalSection(ExtensibilityGlobals) = postSolution
		SolutionGuid = {8D584066-7043-40A9-AA16-ACA931528653}
	EndGlobalSection
EndGlobal
